
Microsoft Visual Studio Solution File, Format Version 12.00
# Visual Studio Version 17
VisualStudioVersion = 17.12.35527.113
MinimumVisualStudioVersion = 10.0.40219.1
Project("{2150E333-8FDC-42A3-9474-1A3956D46DE8}") = "src", "src", "{4999B6E4-0E6A-400C-B535-94A2E20D78DF}"
EndProject
Project("{2150E333-8FDC-42A3-9474-1A3956D46DE8}") = "Apresentation", "Apresentation", "{BB7CDF90-374A-481E-948A-F8A16336055E}"
EndProject
Project("{2150E333-8FDC-42A3-9474-1A3956D46DE8}") = "Core", "Core", "{4B8D7D72-8DF1-447F-A129-239BFEFA7BCB}"
EndProject
Project("{2150E333-8FDC-42A3-9474-1A3956D46DE8}") = "Shared", "Shared", "{863C3998-DEDF-4B76-82DF-CC4EC2EAD333}"
EndProject
Project("{2150E333-8FDC-42A3-9474-1A3956D46DE8}") = "test", "test", "{1E2ED6D3-E090-4FC4-9D80-4172E0BF0432}"
EndProject
Project("{2150E333-8FDC-42A3-9474-1A3956D46DE8}") = "Solution Items", "Solution Items", "{B9A9447C-632F-4D1D-BEED-A89400E17407}"
EndProject
Project("{FAE04EC0-301F-11D3-BF4B-00C04F79EFBC}") = "FIAP.Application", "src\FIAP.Application\FIAP.Application.csproj", "{8D12042C-E02B-4790-810D-E849447912D6}"
EndProject
Project("{FAE04EC0-301F-11D3-BF4B-00C04F79EFBC}") = "FIAP.Domain", "src\FIAP.Domain\FIAP.Domain.csproj", "{AA9186E7-50BD-4409-A9BB-AC365A0A2B99}"
EndProject
Project("{FAE04EC0-301F-11D3-BF4B-00C04F79EFBC}") = "FIAP.CrossCutting", "src\FIAP.CrossCutting\FIAP.CrossCutting.csproj", "{99F2C41B-D48B-456C-94CD-E7AD063DC682}"
EndProject
Project("{FAE04EC0-301F-11D3-BF4B-00C04F79EFBC}") = "FIAP.Infrastructure", "src\FIAP.Infrastructure\FIAP.Infrastructure.csproj", "{323D077E-5EBA-4AD9-BF21-003F4779174D}"
EndProject
Project("{FAE04EC0-301F-11D3-BF4B-00C04F79EFBC}") = "FIAP.Api", "src\FIAP.Api\FIAP.Api.csproj", "{2136276A-2FF4-42A9-B77B-F34AB8C1D40D}"
EndProject
Project("{FAE04EC0-301F-11D3-BF4B-00C04F79EFBC}") = "Domain.Test", "test\Domain.Test\Domain.Test.csproj", "{A2B5CF80-6873-4C8C-A265-14A5D4A51225}"
EndProject
Global
	GlobalSection(SolutionConfigurationPlatforms) = preSolution
		Debug|Any CPU = Debug|Any CPU
		Release|Any CPU = Release|Any CPU
	EndGlobalSection
	GlobalSection(ProjectConfigurationPlatforms) = postSolution
		{8D12042C-E02B-4790-810D-E849447912D6}.Debug|Any CPU.ActiveCfg = Debug|Any CPU
		{8D12042C-E02B-4790-810D-E849447912D6}.Debug|Any CPU.Build.0 = Debug|Any CPU
		{8D12042C-E02B-4790-810D-E849447912D6}.Release|Any CPU.ActiveCfg = Release|Any CPU
		{8D12042C-E02B-4790-810D-E849447912D6}.Release|Any CPU.Build.0 = Release|Any CPU
		{AA9186E7-50BD-4409-A9BB-AC365A0A2B99}.Debug|Any CPU.ActiveCfg = Debug|Any CPU
		{AA9186E7-50BD-4409-A9BB-AC365A0A2B99}.Debug|Any CPU.Build.0 = Debug|Any CPU
		{AA9186E7-50BD-4409-A9BB-AC365A0A2B99}.Release|Any CPU.ActiveCfg = Release|Any CPU
		{AA9186E7-50BD-4409-A9BB-AC365A0A2B99}.Release|Any CPU.Build.0 = Release|Any CPU
		{99F2C41B-D48B-456C-94CD-E7AD063DC682}.Debug|Any CPU.ActiveCfg = Debug|Any CPU
		{99F2C41B-D48B-456C-94CD-E7AD063DC682}.Debug|Any CPU.Build.0 = Debug|Any CPU
		{99F2C41B-D48B-456C-94CD-E7AD063DC682}.Release|Any CPU.ActiveCfg = Release|Any CPU
		{99F2C41B-D48B-456C-94CD-E7AD063DC682}.Release|Any CPU.Build.0 = Release|Any CPU
		{323D077E-5EBA-4AD9-BF21-003F4779174D}.Debug|Any CPU.ActiveCfg = Debug|Any CPU
		{323D077E-5EBA-4AD9-BF21-003F4779174D}.Debug|Any CPU.Build.0 = Debug|Any CPU
		{323D077E-5EBA-4AD9-BF21-003F4779174D}.Release|Any CPU.ActiveCfg = Release|Any CPU
		{323D077E-5EBA-4AD9-BF21-003F4779174D}.Release|Any CPU.Build.0 = Release|Any CPU
		{2136276A-2FF4-42A9-B77B-F34AB8C1D40D}.Debug|Any CPU.ActiveCfg = Debug|Any CPU
		{2136276A-2FF4-42A9-B77B-F34AB8C1D40D}.Debug|Any CPU.Build.0 = Debug|Any CPU
		{2136276A-2FF4-42A9-B77B-F34AB8C1D40D}.Release|Any CPU.ActiveCfg = Release|Any CPU
		{2136276A-2FF4-42A9-B77B-F34AB8C1D40D}.Release|Any CPU.Build.0 = Release|Any CPU
		{2136276A-2FF4-42A9-B77B-F34AB8C1D40D}.Debug|Any CPU.Deploy.0 = Debug|Any CPU
		{A2B5CF80-6873-4C8C-A265-14A5D4A51225}.Debug|Any CPU.ActiveCfg = Debug|Any CPU
		{A2B5CF80-6873-4C8C-A265-14A5D4A51225}.Debug|Any CPU.Build.0 = Debug|Any CPU
		{A2B5CF80-6873-4C8C-A265-14A5D4A51225}.Release|Any CPU.ActiveCfg = Release|Any CPU
		{A2B5CF80-6873-4C8C-A265-14A5D4A51225}.Release|Any CPU.Build.0 = Release|Any CPU
	EndGlobalSection
	GlobalSection(SolutionProperties) = preSolution
		HideSolutionNode = FALSE
	EndGlobalSection
	GlobalSection(NestedProjects) = preSolution
		{BB7CDF90-374A-481E-948A-F8A16336055E} = {4999B6E4-0E6A-400C-B535-94A2E20D78DF}
		{4B8D7D72-8DF1-447F-A129-239BFEFA7BCB} = {4999B6E4-0E6A-400C-B535-94A2E20D78DF}
		{863C3998-DEDF-4B76-82DF-CC4EC2EAD333} = {4999B6E4-0E6A-400C-B535-94A2E20D78DF}
		{8D12042C-E02B-4790-810D-E849447912D6} = {4B8D7D72-8DF1-447F-A129-239BFEFA7BCB}
		{AA9186E7-50BD-4409-A9BB-AC365A0A2B99} = {4B8D7D72-8DF1-447F-A129-239BFEFA7BCB}
		{99F2C41B-D48B-456C-94CD-E7AD063DC682} = {863C3998-DEDF-4B76-82DF-CC4EC2EAD333}
		{323D077E-5EBA-4AD9-BF21-003F4779174D} = {863C3998-DEDF-4B76-82DF-CC4EC2EAD333}
		{2136276A-2FF4-42A9-B77B-F34AB8C1D40D} = {BB7CDF90-374A-481E-948A-F8A16336055E}
		{A2B5CF80-6873-4C8C-A265-14A5D4A51225} = {1E2ED6D3-E090-4FC4-9D80-4172E0BF0432}
	EndGlobalSection
EndGlobal
