
Microsoft Visual Studio Solution File, Format Version 12.00
# Visual Studio Version 17
VisualStudioVersion = 17.12.35527.113
MinimumVisualStudioVersion = 10.0.40219.1
Project("{2150E333-8FDC-42A3-9474-1A3956D46DE8}") = "src", "src", "{599B7C9C-4EC1-4752-BEE1-9E27D0C5F166}"
EndProject
Project("{2150E333-8FDC-42A3-9474-1A3956D46DE8}") = "test", "test", "{1A20EEB2-578F-4CE3-ABDC-683B23382E2E}"
EndProject
Project("{2150E333-8FDC-42A3-9474-1A3956D46DE8}") = "Itens de Solução", "Itens de Solução", "{C42BF03B-8A10-47A4-AB2A-6DF67B7AC5BA}"
	ProjectSection(SolutionItems) = preProject
		docker-compose.yml = docker-compose.yml
		Dockerfile = Dockerfile
		migrations.sh = migrations.sh
		prometheus.yml = prometheus.yml
		README.md = README.md
	EndProjectSection
EndProject
Project("{FAE04EC0-301F-11D3-BF4B-00C04F79EFBC}") = "persistencia-api", "src\persistencia-api\persistencia-api.csproj", "{FDDA52E8-9C80-4FE0-A847-E1543D2A0607}"
EndProject
Project("{FAE04EC0-301F-11D3-BF4B-00C04F79EFBC}") = "cadastro-api", "src\cadastro-api\cadastro-api.csproj", "{50F5FC51-8D13-407C-B49A-6D044347E8F1}"
EndProject
Global
	GlobalSection(SolutionConfigurationPlatforms) = preSolution
		Debug|Any CPU = Debug|Any CPU
		Release|Any CPU = Release|Any CPU
	EndGlobalSection
	GlobalSection(ProjectConfigurationPlatforms) = postSolution
		{FDDA52E8-9C80-4FE0-A847-E1543D2A0607}.Debug|Any CPU.ActiveCfg = Debug|Any CPU
		{FDDA52E8-9C80-4FE0-A847-E1543D2A0607}.Debug|Any CPU.Build.0 = Debug|Any CPU
		{FDDA52E8-9C80-4FE0-A847-E1543D2A0607}.Release|Any CPU.ActiveCfg = Release|Any CPU
		{FDDA52E8-9C80-4FE0-A847-E1543D2A0607}.Release|Any CPU.Build.0 = Release|Any CPU
		{50F5FC51-8D13-407C-B49A-6D044347E8F1}.Debug|Any CPU.ActiveCfg = Debug|Any CPU
		{50F5FC51-8D13-407C-B49A-6D044347E8F1}.Debug|Any CPU.Build.0 = Debug|Any CPU
		{50F5FC51-8D13-407C-B49A-6D044347E8F1}.Release|Any CPU.ActiveCfg = Release|Any CPU
		{50F5FC51-8D13-407C-B49A-6D044347E8F1}.Release|Any CPU.Build.0 = Release|Any CPU
	EndGlobalSection
	GlobalSection(SolutionProperties) = preSolution
		HideSolutionNode = FALSE
	EndGlobalSection
	GlobalSection(NestedProjects) = preSolution
		{FDDA52E8-9C80-4FE0-A847-E1543D2A0607} = {599B7C9C-4EC1-4752-BEE1-9E27D0C5F166}
		{50F5FC51-8D13-407C-B49A-6D044347E8F1} = {599B7C9C-4EC1-4752-BEE1-9E27D0C5F166}
	EndGlobalSection
	GlobalSection(ExtensibilityGlobals) = postSolution
		SolutionGuid = {502F8311-2ED5-4E5C-BCA3-B44833680FE6}
	EndGlobalSection
EndGlobal
