
Microsoft Visual Studio Solution File, Format Version 12.00
# Visual Studio Version 17
VisualStudioVersion = 17.12.35527.113
MinimumVisualStudioVersion = 10.0.40219.1
Project("{FAE04EC0-301F-11D3-BF4B-00C04F79EFBC}") = "FIAP.Contatos", "src\FIAP.Contatos\FIAP.Contatos.csproj", "{341E7EF0-3152-42DE-9B1C-B62C503E8530}"
EndProject
Project("{FAE04EC0-301F-11D3-BF4B-00C04F79EFBC}") = "FIAP.Contatos.Domain", "src\FIAP.Contatos.Domain\FIAP.Contatos.Domain.csproj", "{4425C7F6-8763-45AE-B838-4BB92448AB5C}"
EndProject
Project("{FAE04EC0-301F-11D3-BF4B-00C04F79EFBC}") = "FIAP.Contatos.Infrastructure", "src\FIAP.Contatos.Infrastructure\FIAP.Contatos.Infrastructure.csproj", "{C10D0434-5710-4B95-A56D-BA713B37A9D7}"
EndProject
Project("{FAE04EC0-301F-11D3-BF4B-00C04F79EFBC}") = "FIAP.Contatos.Service", "src\FIAP.Contatos.Service\FIAP.Contatos.Service.csproj", "{4ABBF832-8693-4439-A51D-3B30CEC4A5CB}"
EndProject
Project("{2150E333-8FDC-42A3-9474-1A3956D46DE8}") = "src", "src", "{599B7C9C-4EC1-4752-BEE1-9E27D0C5F166}"
EndProject
Project("{2150E333-8FDC-42A3-9474-1A3956D46DE8}") = "test", "test", "{1A20EEB2-578F-4CE3-ABDC-683B23382E2E}"
EndProject
Global
	GlobalSection(SolutionConfigurationPlatforms) = preSolution
		Debug|Any CPU = Debug|Any CPU
		Release|Any CPU = Release|Any CPU
	EndGlobalSection
	GlobalSection(ProjectConfigurationPlatforms) = postSolution
		{341E7EF0-3152-42DE-9B1C-B62C503E8530}.Debug|Any CPU.ActiveCfg = Debug|Any CPU
		{341E7EF0-3152-42DE-9B1C-B62C503E8530}.Debug|Any CPU.Build.0 = Debug|Any CPU
		{341E7EF0-3152-42DE-9B1C-B62C503E8530}.Release|Any CPU.ActiveCfg = Release|Any CPU
		{341E7EF0-3152-42DE-9B1C-B62C503E8530}.Release|Any CPU.Build.0 = Release|Any CPU
		{4425C7F6-8763-45AE-B838-4BB92448AB5C}.Debug|Any CPU.ActiveCfg = Debug|Any CPU
		{4425C7F6-8763-45AE-B838-4BB92448AB5C}.Debug|Any CPU.Build.0 = Debug|Any CPU
		{4425C7F6-8763-45AE-B838-4BB92448AB5C}.Release|Any CPU.ActiveCfg = Release|Any CPU
		{4425C7F6-8763-45AE-B838-4BB92448AB5C}.Release|Any CPU.Build.0 = Release|Any CPU
		{C10D0434-5710-4B95-A56D-BA713B37A9D7}.Debug|Any CPU.ActiveCfg = Debug|Any CPU
		{C10D0434-5710-4B95-A56D-BA713B37A9D7}.Debug|Any CPU.Build.0 = Debug|Any CPU
		{C10D0434-5710-4B95-A56D-BA713B37A9D7}.Release|Any CPU.ActiveCfg = Release|Any CPU
		{C10D0434-5710-4B95-A56D-BA713B37A9D7}.Release|Any CPU.Build.0 = Release|Any CPU
		{4ABBF832-8693-4439-A51D-3B30CEC4A5CB}.Debug|Any CPU.ActiveCfg = Debug|Any CPU
		{4ABBF832-8693-4439-A51D-3B30CEC4A5CB}.Debug|Any CPU.Build.0 = Debug|Any CPU
		{4ABBF832-8693-4439-A51D-3B30CEC4A5CB}.Release|Any CPU.ActiveCfg = Release|Any CPU
		{4ABBF832-8693-4439-A51D-3B30CEC4A5CB}.Release|Any CPU.Build.0 = Release|Any CPU
	EndGlobalSection
	GlobalSection(SolutionProperties) = preSolution
		HideSolutionNode = FALSE
	EndGlobalSection
	GlobalSection(NestedProjects) = preSolution
		{341E7EF0-3152-42DE-9B1C-B62C503E8530} = {599B7C9C-4EC1-4752-BEE1-9E27D0C5F166}
		{4425C7F6-8763-45AE-B838-4BB92448AB5C} = {599B7C9C-4EC1-4752-BEE1-9E27D0C5F166}
		{C10D0434-5710-4B95-A56D-BA713B37A9D7} = {599B7C9C-4EC1-4752-BEE1-9E27D0C5F166}
		{4ABBF832-8693-4439-A51D-3B30CEC4A5CB} = {599B7C9C-4EC1-4752-BEE1-9E27D0C5F166}
	EndGlobalSection
EndGlobal
